{
  "version": 4,
  "terraform_version": "1.5.6",
  "serial": 12,
  "lineage": "c632ea66-450e-192a-fdc6-9e306cc5814c",
  "outputs": {},
  "resources": [
    {
      "mode": "managed",
      "type": "azurerm_resource_group",
      "name": "Terraform-RG",
      "provider": "provider[\"registry.terraform.io/hashicorp/azurerm\"]",
      "instances": [
        {
          "schema_version": 0,
          "attributes": {
            "id": "/subscriptions/92813963-bb62-468f-b6b4-bda395b75676/resourceGroups/Terraform-RG",
            "location": "westeurope",
            "name": "Terraform-RG",
            "tags": {},
            "timeouts": null
          },
          "sensitive_attributes": [],
          "private": "eyJlMmJmYjczMC1lY2FhLTExZTYtOGY4OC0zNDM2M2JjN2M0YzAiOnsiY3JlYXRlIjo1NDAwMDAwMDAwMDAwLCJkZWxldGUiOjU0MDAwMDAwMDAwMDAsInJlYWQiOjMwMDAwMDAwMDAwMCwidXBkYXRlIjo1NDAwMDAwMDAwMDAwfX0="
        }
      ]
    },
    {
      "mode": "managed",
      "type": "azurerm_storage_account",
      "name": "terrformsltistorage",
      "provider": "provider[\"registry.terraform.io/hashicorp/azurerm\"]",
      "instances": [
        {
          "schema_version": 3,
          "attributes": {
            "access_tier": "Hot",
            "account_kind": "StorageV2",
            "account_replication_type": "LRS",
            "account_tier": "Standard",
            "allow_nested_items_to_be_public": true,
            "azure_files_authentication": [],
            "blob_properties": [
              {
                "change_feed_enabled": false,
                "container_delete_retention_policy": [],
                "cors_rule": [],
                "default_service_version": "",
                "delete_retention_policy": [],
                "last_access_time_enabled": false,
                "versioning_enabled": false
              }
            ],
            "custom_domain": [],
            "customer_managed_key": [],
            "edge_zone": "",
            "enable_https_traffic_only": true,
            "id": "/subscriptions/92813963-bb62-468f-b6b4-bda395b75676/resourceGroups/Terraform-RG/providers/Microsoft.Storage/storageAccounts/terrformsltistorage",
            "identity": [],
            "infrastructure_encryption_enabled": false,
            "is_hns_enabled": false,
            "large_file_share_enabled": null,
            "location": "westeurope",
            "min_tls_version": "TLS1_2",
            "name": "terrformsltistorage",
            "network_rules": [
              {
                "bypass": [
                  "AzureServices"
                ],
                "default_action": "Allow",
                "ip_rules": [],
                "private_link_access": [],
                "virtual_network_subnet_ids": []
              }
            ],
            "nfsv3_enabled": false,
            "primary_access_key": "rr/Ce0d3rXX4YE7niYITmmbPBhWYe67CCUs7Q+RzsZdOygSp4jgn3gEerl97NqzbQtdiET1T7Nas+AStfKtDCg==",
            "primary_blob_connection_string": "DefaultEndpointsProtocol=https;BlobEndpoint=https://terrformsltistorage.blob.core.windows.net/;AccountName=terrformsltistorage;AccountKey=rr/Ce0d3rXX4YE7niYITmmbPBhWYe67CCUs7Q+RzsZdOygSp4jgn3gEerl97NqzbQtdiET1T7Nas+AStfKtDCg==",
            "primary_blob_endpoint": "https://terrformsltistorage.blob.core.windows.net/",
            "primary_blob_host": "terrformsltistorage.blob.core.windows.net",
            "primary_connection_string": "DefaultEndpointsProtocol=https;AccountName=terrformsltistorage;AccountKey=rr/Ce0d3rXX4YE7niYITmmbPBhWYe67CCUs7Q+RzsZdOygSp4jgn3gEerl97NqzbQtdiET1T7Nas+AStfKtDCg==;EndpointSuffix=core.windows.net",
            "primary_dfs_endpoint": "https://terrformsltistorage.dfs.core.windows.net/",
            "primary_dfs_host": "terrformsltistorage.dfs.core.windows.net",
            "primary_file_endpoint": "https://terrformsltistorage.file.core.windows.net/",
            "primary_file_host": "terrformsltistorage.file.core.windows.net",
            "primary_location": "westeurope",
            "primary_queue_endpoint": "https://terrformsltistorage.queue.core.windows.net/",
            "primary_queue_host": "terrformsltistorage.queue.core.windows.net",
            "primary_table_endpoint": "https://terrformsltistorage.table.core.windows.net/",
            "primary_table_host": "terrformsltistorage.table.core.windows.net",
            "primary_web_endpoint": "https://terrformsltistorage.z6.web.core.windows.net/",
            "primary_web_host": "terrformsltistorage.z6.web.core.windows.net",
            "queue_encryption_key_type": "Service",
            "queue_properties": [
              {
                "cors_rule": [],
                "hour_metrics": [
                  {
                    "enabled": true,
                    "include_apis": true,
                    "retention_policy_days": 7,
                    "version": "1.0"
                  }
                ],
                "logging": [
                  {
                    "delete": false,
                    "read": false,
                    "retention_policy_days": 0,
                    "version": "1.0",
                    "write": false
                  }
                ],
                "minute_metrics": [
                  {
                    "enabled": false,
                    "include_apis": false,
                    "retention_policy_days": 0,
                    "version": "1.0"
                  }
                ]
              }
            ],
            "resource_group_name": "Terraform-RG",
            "routing": [],
            "secondary_access_key": "GF6MPlTCR+ud9OxQVFgfp63lLxS1WflUYDWaktuhYdrUxT8Eu8Lv7GUkcaNZh+hfFrBACeYv3rDN+AStfKc2xw==",
            "secondary_blob_connection_string": "",
            "secondary_blob_endpoint": null,
            "secondary_blob_host": null,
            "secondary_connection_string": "DefaultEndpointsProtocol=https;AccountName=terrformsltistorage;AccountKey=GF6MPlTCR+ud9OxQVFgfp63lLxS1WflUYDWaktuhYdrUxT8Eu8Lv7GUkcaNZh+hfFrBACeYv3rDN+AStfKc2xw==;EndpointSuffix=core.windows.net",
            "secondary_dfs_endpoint": null,
            "secondary_dfs_host": null,
            "secondary_file_endpoint": null,
            "secondary_file_host": null,
            "secondary_location": "",
            "secondary_queue_endpoint": null,
            "secondary_queue_host": null,
            "secondary_table_endpoint": null,
            "secondary_table_host": null,
            "secondary_web_endpoint": null,
            "secondary_web_host": null,
            "share_properties": [
              {
                "cors_rule": [],
                "retention_policy": [
                  {
                    "days": 7
                  }
                ],
                "smb": []
              }
            ],
            "shared_access_key_enabled": true,
            "static_website": [],
            "table_encryption_key_type": "Service",
            "tags": {
              "environment": "staging"
            },
            "timeouts": null
          },
          "sensitive_attributes": [],
          "private": "eyJlMmJmYjczMC1lY2FhLTExZTYtOGY4OC0zNDM2M2JjN2M0YzAiOnsiY3JlYXRlIjozNjAwMDAwMDAwMDAwLCJkZWxldGUiOjM2MDAwMDAwMDAwMDAsInJlYWQiOjMwMDAwMDAwMDAwMCwidXBkYXRlIjozNjAwMDAwMDAwMDAwfSwic2NoZW1hX3ZlcnNpb24iOiIzIn0=",
          "dependencies": [
            "azurerm_resource_group.Terraform-RG"
          ]
        }
      ]
    },
    {
      "mode": "managed",
      "type": "azurerm_storage_container",
      "name": "testcontianer",
      "provider": "provider[\"registry.terraform.io/hashicorp/azurerm\"]",
      "instances": [
        {
          "schema_version": 1,
          "attributes": {
            "container_access_type": "private",
            "has_immutability_policy": false,
            "has_legal_hold": false,
            "id": "https://terrformsltistorage.blob.core.windows.net/testcontianer",
            "metadata": {},
            "name": "testcontianer",
            "resource_manager_id": "/subscriptions/92813963-bb62-468f-b6b4-bda395b75676/resourceGroups/Terraform-RG/providers/Microsoft.Storage/storageAccounts/terrformsltistorage/blobServices/default/containers/testcontianer",
            "storage_account_name": "terrformsltistorage",
            "timeouts": null
          },
          "sensitive_attributes": [],
          "private": "eyJlMmJmYjczMC1lY2FhLTExZTYtOGY4OC0zNDM2M2JjN2M0YzAiOnsiY3JlYXRlIjoxODAwMDAwMDAwMDAwLCJkZWxldGUiOjE4MDAwMDAwMDAwMDAsInJlYWQiOjMwMDAwMDAwMDAwMCwidXBkYXRlIjoxODAwMDAwMDAwMDAwfSwic2NoZW1hX3ZlcnNpb24iOiIxIn0=",
          "dependencies": [
            "azurerm_resource_group.Terraform-RG",
            "azurerm_storage_account.terrformsltistorage"
          ]
        }
      ]
    }
  ],
  "check_results": null
}
